
Microsoft Visual Studio Solution File, Format Version 12.00
# Visual Studio Version 17
VisualStudioVersion = 17.3.32901.215
MinimumVisualStudioVersion = 10.0.40219.1
Project("{FAE04EC0-301F-11D3-BF4B-00C04F79EFBC}") = "Process.notepad", "Process.notepad\Process.notepad.csproj", "{EE99B34B-04B2-47F9-85A3-67E2D02A62BB}"
EndProject
Global
	GlobalSection(SolutionConfigurationPlatforms) = preSolution
		Debug|Any CPU = Debug|Any CPU
		Release|Any CPU = Release|Any CPU
	EndGlobalSection
	GlobalSection(ProjectConfigurationPlatforms) = postSolution
		{EE99B34B-04B2-47F9-85A3-67E2D02A62BB}.Debug|Any CPU.ActiveCfg = Debug|Any CPU
		{EE99B34B-04B2-47F9-85A3-67E2D02A62BB}.Debug|Any CPU.Build.0 = Debug|Any CPU
		{EE99B34B-04B2-47F9-85A3-67E2D02A62BB}.Release|Any CPU.ActiveCfg = Release|Any CPU
		{EE99B34B-04B2-47F9-85A3-67E2D02A62BB}.Release|Any CPU.Build.0 = Release|Any CPU
	EndGlobalSection
	GlobalSection(SolutionProperties) = preSolution
		HideSolutionNode = FALSE
	EndGlobalSection
	GlobalSection(ExtensibilityGlobals) = postSolution
		SolutionGuid = {BA65071E-2C26-484C-B516-8498D0EBEAD5}
	EndGlobalSection
EndGlobal
